
Microsoft Visual Studio Solution File, Format Version 12.00
# Visual Studio Version 17
VisualStudioVersion = 17.11.35219.272
MinimumVisualStudioVersion = 10.0.40219.1
Project("{FAE04EC0-301F-11D3-BF4B-00C04F79EFBC}") = "Jalgpalli_mäng", "Jalgpalli_mäng\Jalgpalli_mäng.csproj", "{50377BD8-E09A-4154-A754-A26533FA6ADF}"
EndProject
Global
	GlobalSection(SolutionConfigurationPlatforms) = preSolution
		Debug|Any CPU = Debug|Any CPU
		Release|Any CPU = Release|Any CPU
	EndGlobalSection
	GlobalSection(ProjectConfigurationPlatforms) = postSolution
		{50377BD8-E09A-4154-A754-A26533FA6ADF}.Debug|Any CPU.ActiveCfg = Debug|Any CPU
		{50377BD8-E09A-4154-A754-A26533FA6ADF}.Debug|Any CPU.Build.0 = Debug|Any CPU
		{50377BD8-E09A-4154-A754-A26533FA6ADF}.Release|Any CPU.ActiveCfg = Release|Any CPU
		{50377BD8-E09A-4154-A754-A26533FA6ADF}.Release|Any CPU.Build.0 = Release|Any CPU
	EndGlobalSection
	GlobalSection(SolutionProperties) = preSolution
		HideSolutionNode = FALSE
	EndGlobalSection
	GlobalSection(ExtensibilityGlobals) = postSolution
		SolutionGuid = {5FBD1C0F-6EA1-498C-BDF0-0821B3D2B5D0}
	EndGlobalSection
EndGlobal
